<?xml version="1.0" encoding="utf-8"?>
<Project ToolsVersion="4.0" xmlns="http://schemas.microsoft.com/developer/msbuild/2003">
  <ItemGroup>
    <Filter Include="Shared">
      <UniqueIdentifier>{545b3070-27ed-4f12-b1d8-4f9f388ce542}</UniqueIdentifier>
    </Filter>
    <Filter Include="Shared\Packet">
      <UniqueIdentifier>{3cf6bd7c-9d3d-46e1-9d17-9a9cbcff0f73}</UniqueIdentifier>
    </Filter>
    <Filter Include="Shared\Timer">
      <UniqueIdentifier>{aebedcc9-3fa3-4050-abf2-17ea08fe88c1}</UniqueIdentifier>
    </Filter>
    <Filter Include="Shared\Thread">
      <UniqueIdentifier>{a95af20f-4f85-4ed5-8c3c-09b62d27e554}</UniqueIdentifier>
    </Filter>
    <Filter Include="Shared\Main">
      <UniqueIdentifier>{eda0efdf-573e-4931-9f41-374ef493bbdd}</UniqueIdentifier>
    </Filter>
    <Filter Include="Shared\IocpCore">
      <UniqueIdentifier>{53614649-1904-4407-b0bc-47299866487c}</UniqueIdentifier>
    </Filter>
    <Filter Include="Shared\ASession">
      <UniqueIdentifier>{14be3481-4315-4d36-8d72-5074464a2f21}</UniqueIdentifier>
    </Filter>
    <Filter Include="Shared\SocketUtil">
      <UniqueIdentifier>{46e16123-0295-4bcb-a2b4-a65553b46a4c}</UniqueIdentifier>
    </Filter>
    <Filter Include="Shared\IocpObject">
      <UniqueIdentifier>{060cbed4-79bb-4c01-bf01-5b39c1565b4d}</UniqueIdentifier>
    </Filter>
    <Filter Include="Shared\IocpEvent">
      <UniqueIdentifier>{11583d1b-f302-4789-bfe7-95b3db47e9ed}</UniqueIdentifier>
    </Filter>
  </ItemGroup>
  <ItemGroup>
    <ClInclude Include="CoreGlobal.h">
      <Filter>Shared\Main</Filter>
    </ClInclude>
    <ClInclude Include="CoreMacro.h">
      <Filter>Shared\Main</Filter>
    </ClInclude>
    <ClInclude Include="CorePch.h">
      <Filter>Shared\Main</Filter>
    </ClInclude>
    <ClInclude Include="ThreadManager.h">
      <Filter>Shared\Thread</Filter>
    </ClInclude>
    <ClInclude Include="Types.h">
      <Filter>Shared\Main</Filter>
    </ClInclude>
    <ClInclude Include="pch.h">
      <Filter>Shared\Main</Filter>
    </ClInclude>
    <ClInclude Include="RWLock.h">
      <Filter>Shared\Thread</Filter>
    </ClInclude>
    <ClInclude Include="DeadLockFinder.h">
      <Filter>Shared\Thread</Filter>
    </ClInclude>
    <ClInclude Include="CoreTLS.h">
      <Filter>Shared\Main</Filter>
    </ClInclude>
    <ClInclude Include="CTimer.h">
      <Filter>Shared\Timer</Filter>
    </ClInclude>
    <ClInclude Include="protocol.h">
      <Filter>Shared\Packet</Filter>
    </ClInclude>
    <ClInclude Include="IocpCore.h">
      <Filter>Shared\IocpCore</Filter>
    </ClInclude>
    <ClInclude Include="ASession.h">
      <Filter>Shared\ASession</Filter>
    </ClInclude>
    <ClInclude Include="SocketUtil.h">
      <Filter>Shared\SocketUtil</Filter>
    </ClInclude>
    <ClInclude Include="IocpObject.h">
      <Filter>Shared\IocpObject</Filter>
    </ClInclude>
    <ClInclude Include="IocpEvent.h">
      <Filter>Shared\IocpEvent</Filter>
    </ClInclude>
  </ItemGroup>
  <ItemGroup>
    <ClCompile Include="CoreGlobal.cpp">
      <Filter>Shared\Main</Filter>
    </ClCompile>
    <ClCompile Include="CoreMacro.cpp">
      <Filter>Shared\Main</Filter>
    </ClCompile>
    <ClCompile Include="CorePch.cpp">
      <Filter>Shared\Main</Filter>
    </ClCompile>
    <ClCompile Include="pch.cpp">
      <Filter>Shared\Main</Filter>
    </ClCompile>
    <ClCompile Include="ThreadManager.cpp">
      <Filter>Shared\Thread</Filter>
    </ClCompile>
    <ClCompile Include="RWLock.cpp">
      <Filter>Shared\Thread</Filter>
    </ClCompile>
    <ClCompile Include="DeadLockFinder.cpp">
      <Filter>Shared\Thread</Filter>
    </ClCompile>
    <ClCompile Include="CoreTLS.cpp">
      <Filter>Shared\Main</Filter>
    </ClCompile>
    <ClCompile Include="CTimer.cpp">
      <Filter>Shared\Timer</Filter>
    </ClCompile>
    <ClCompile Include="protocol.cpp">
      <Filter>Shared\Packet</Filter>
    </ClCompile>
    <ClCompile Include="IocpCore.cpp">
      <Filter>Shared\IocpCore</Filter>
    </ClCompile>
    <ClCompile Include="ASession.cpp">
      <Filter>Shared\ASession</Filter>
    </ClCompile>
    <ClCompile Include="SocketUtil.cpp">
      <Filter>Shared\SocketUtil</Filter>
    </ClCompile>
    <ClCompile Include="IocpObject.cpp">
      <Filter>Shared\IocpObject</Filter>
    </ClCompile>
    <ClCompile Include="IocpEvent.cpp">
      <Filter>Shared\IocpEvent</Filter>
    </ClCompile>
  </ItemGroup>
</Project>