<?xml version="1.0" encoding="utf-8"?>
<Project ToolsVersion="4.0" xmlns="http://schemas.microsoft.com/developer/msbuild/2003">
  <ItemGroup>
    <Filter Include="ForServer">
      <UniqueIdentifier>{f3ec5baf-3f27-4c5c-a98b-5c134f361630}</UniqueIdentifier>
    </Filter>
    <Filter Include="ForServer\Network">
      <UniqueIdentifier>{7bbf481f-b8ea-4a61-917e-2d23ddd357ca}</UniqueIdentifier>
    </Filter>
    <Filter Include="ForServer\IocpCore">
      <UniqueIdentifier>{25981e20-db04-4451-b45e-daf4d3161c2a}</UniqueIdentifier>
    </Filter>
    <Filter Include="ForServer\Memory">
      <UniqueIdentifier>{198423d0-46ae-40c4-9c0c-197efeda2ca7}</UniqueIdentifier>
    </Filter>
    <Filter Include="ForServer\DB">
      <UniqueIdentifier>{3251044a-b8ce-43b6-b1ed-66984837fc9f}</UniqueIdentifier>
    </Filter>
    <Filter Include="ForServer\PlayerInfo">
      <UniqueIdentifier>{2b42a5d2-018e-4673-8d0a-0327c93047c7}</UniqueIdentifier>
    </Filter>
    <Filter Include="ForServer\Session">
      <UniqueIdentifier>{23a66a44-420a-45bf-b11a-a995896c51dc}</UniqueIdentifier>
    </Filter>
    <Filter Include="ForServer\Room">
      <UniqueIdentifier>{7853e4e0-380b-492d-a0f7-e66f60d7bc91}</UniqueIdentifier>
    </Filter>
    <Filter Include="Shared">
      <UniqueIdentifier>{545b3070-27ed-4f12-b1d8-4f9f388ce542}</UniqueIdentifier>
    </Filter>
    <Filter Include="Shared\Packet">
      <UniqueIdentifier>{3cf6bd7c-9d3d-46e1-9d17-9a9cbcff0f73}</UniqueIdentifier>
    </Filter>
    <Filter Include="Shared\Timer">
      <UniqueIdentifier>{aebedcc9-3fa3-4050-abf2-17ea08fe88c1}</UniqueIdentifier>
    </Filter>
    <Filter Include="Shared\Thread">
      <UniqueIdentifier>{a95af20f-4f85-4ed5-8c3c-09b62d27e554}</UniqueIdentifier>
    </Filter>
    <Filter Include="Shared\Main">
      <UniqueIdentifier>{eda0efdf-573e-4931-9f41-374ef493bbdd}</UniqueIdentifier>
    </Filter>
    <Filter Include="Shared\WorldRewinder">
      <UniqueIdentifier>{7704c00c-b45b-4be8-9139-8411de3349a9}</UniqueIdentifier>
    </Filter>
    <Filter Include="Shared\Physics">
      <UniqueIdentifier>{5a1f8f00-ea3d-49a8-98f0-30f0c6c3bccc}</UniqueIdentifier>
    </Filter>
  </ItemGroup>
  <ItemGroup>
    <ClInclude Include="CoreGlobal.h">
      <Filter>Shared\Main</Filter>
    </ClInclude>
    <ClInclude Include="CoreMacro.h">
      <Filter>Shared\Main</Filter>
    </ClInclude>
    <ClInclude Include="CorePch.h">
      <Filter>Shared\Main</Filter>
    </ClInclude>
    <ClInclude Include="ThreadManager.h">
      <Filter>Shared\Thread</Filter>
    </ClInclude>
    <ClInclude Include="Types.h">
      <Filter>Shared\Main</Filter>
    </ClInclude>
    <ClInclude Include="pch.h">
      <Filter>Shared\Main</Filter>
    </ClInclude>
    <ClInclude Include="RWLock.h">
      <Filter>Shared\Thread</Filter>
    </ClInclude>
    <ClInclude Include="SocketUtil.h">
      <Filter>ForServer\Network</Filter>
    </ClInclude>
    <ClInclude Include="DeadLockFinder.h">
      <Filter>Shared\Thread</Filter>
    </ClInclude>
    <ClInclude Include="RoomManager.h">
      <Filter>ForServer\Room</Filter>
    </ClInclude>
    <ClInclude Include="CoreTLS.h">
      <Filter>Shared\Main</Filter>
    </ClInclude>
    <ClInclude Include="Session.h">
      <Filter>ForServer\Session</Filter>
    </ClInclude>
    <ClInclude Include="AcceptManager.h">
      <Filter>ForServer\Network</Filter>
    </ClInclude>
    <ClInclude Include="IocpCore.h">
      <Filter>ForServer\IocpCore</Filter>
    </ClInclude>
    <ClInclude Include="IocpEvent.h">
      <Filter>ForServer\IocpCore</Filter>
    </ClInclude>
    <ClInclude Include="Memory.h">
      <Filter>ForServer\Memory</Filter>
    </ClInclude>
    <ClInclude Include="RefCountable.h">
      <Filter>ForServer\Memory</Filter>
    </ClInclude>
    <ClInclude Include="Allocator.h">
      <Filter>ForServer\Memory</Filter>
    </ClInclude>
    <ClInclude Include="OBDC_MGR.h">
      <Filter>ForServer\DB</Filter>
    </ClInclude>
    <ClInclude Include="PlayerInfo.h">
      <Filter>ForServer\PlayerInfo</Filter>
    </ClInclude>
    <ClInclude Include="CTimer.h">
      <Filter>Shared\Timer</Filter>
    </ClInclude>
    <ClInclude Include="packetEvent.h">
      <Filter>Shared\Packet</Filter>
    </ClInclude>
    <ClInclude Include="protocol.h">
      <Filter>Shared\Packet</Filter>
    </ClInclude>
    <ClInclude Include="WorldRewinder.h">
      <Filter>Shared\WorldRewinder</Filter>
    </ClInclude>
    <ClInclude Include="CollisionDetector.h">
      <Filter>Shared\Physics</Filter>
    </ClInclude>
  </ItemGroup>
  <ItemGroup>
    <ClCompile Include="CoreGlobal.cpp">
      <Filter>Shared\Main</Filter>
    </ClCompile>
    <ClCompile Include="CoreMacro.cpp">
      <Filter>Shared\Main</Filter>
    </ClCompile>
    <ClCompile Include="CorePch.cpp">
      <Filter>Shared\Main</Filter>
    </ClCompile>
    <ClCompile Include="pch.cpp">
      <Filter>Shared\Main</Filter>
    </ClCompile>
    <ClCompile Include="ThreadManager.cpp">
      <Filter>Shared\Thread</Filter>
    </ClCompile>
    <ClCompile Include="RWLock.cpp">
      <Filter>Shared\Thread</Filter>
    </ClCompile>
    <ClCompile Include="SocketUtil.cpp">
      <Filter>ForServer\Network</Filter>
    </ClCompile>
    <ClCompile Include="DeadLockFinder.cpp">
      <Filter>Shared\Thread</Filter>
    </ClCompile>
    <ClCompile Include="RoomManager.cpp">
      <Filter>ForServer\Room</Filter>
    </ClCompile>
    <ClCompile Include="CoreTLS.cpp">
      <Filter>Shared\Main</Filter>
    </ClCompile>
    <ClCompile Include="Session.cpp">
      <Filter>ForServer\Session</Filter>
    </ClCompile>
    <ClCompile Include="AcceptManager.cpp">
      <Filter>ForServer\Network</Filter>
    </ClCompile>
    <ClCompile Include="IocpCore.cpp">
      <Filter>ForServer\IocpCore</Filter>
    </ClCompile>
    <ClCompile Include="IocpEvent.cpp">
      <Filter>ForServer\IocpCore</Filter>
    </ClCompile>
    <ClCompile Include="Memory.cpp">
      <Filter>ForServer\Memory</Filter>
    </ClCompile>
    <ClCompile Include="RefCountable.cpp">
      <Filter>ForServer\Memory</Filter>
    </ClCompile>
    <ClCompile Include="Allocator.cpp">
      <Filter>ForServer\Memory</Filter>
    </ClCompile>
    <ClCompile Include="OBDC_MGR.cpp">
      <Filter>ForServer\DB</Filter>
    </ClCompile>
    <ClCompile Include="PlayerInfo.cpp">
      <Filter>ForServer\PlayerInfo</Filter>
    </ClCompile>
    <ClCompile Include="CTimer.cpp">
      <Filter>Shared\Timer</Filter>
    </ClCompile>
    <ClCompile Include="packetEvent.cpp">
      <Filter>Shared\Packet</Filter>
    </ClCompile>
    <ClCompile Include="WorldRewinder.cpp">
      <Filter>Shared\WorldRewinder</Filter>
    </ClCompile>
    <ClCompile Include="protocol.cpp">
      <Filter>Shared\Packet</Filter>
    </ClCompile>
    <ClCompile Include="CollisionDectector.cpp">
      <Filter>Shared\Physics</Filter>
    </ClCompile>
  </ItemGroup>
</Project>