<?xml version="1.0" encoding="utf-8"?>
<Project ToolsVersion="4.0" xmlns="http://schemas.microsoft.com/developer/msbuild/2003">
  <ItemGroup>
    <ClCompile Include="GameObject.cpp">
      <Filter>GameObject</Filter>
    </ClCompile>
    <ClCompile Include="Camera.cpp">
      <Filter>Camera</Filter>
    </ClCompile>
    <ClCompile Include="Mesh.cpp">
      <Filter>Mesh</Filter>
    </ClCompile>
    <ClCompile Include="Player.cpp">
      <Filter>Player</Filter>
    </ClCompile>
    <ClCompile Include="Shader.cpp">
      <Filter>Shader</Filter>
    </ClCompile>
    <ClCompile Include="DDSTextureLoader12.cpp">
      <Filter>Texture</Filter>
    </ClCompile>
    <ClCompile Include="GameFramework.cpp">
      <Filter>GameFramework</Filter>
    </ClCompile>
    <ClCompile Include="AvoidTheBoss.cpp">
      <Filter>AvoidTheBoss</Filter>
    </ClCompile>
    <ClCompile Include="Scene.cpp">
      <Filter>GameScene</Filter>
    </ClCompile>
    <ClCompile Include="pch.cpp">
      <Filter>AvoidTheBoss</Filter>
    </ClCompile>
    <ClCompile Include="SceneInterface.cpp">
      <Filter>SceneInterface</Filter>
    </ClCompile>
    <ClCompile Include="CBullet.cpp">
      <Filter>GameObject</Filter>
    </ClCompile>
    <ClCompile Include="CBoss.cpp">
      <Filter>Player\BOSS</Filter>
    </ClCompile>
    <ClCompile Include="CEmployee.cpp">
      <Filter>Player\EMPLOYEE</Filter>
    </ClCompile>
    <ClCompile Include="CGenerator.cpp">
      <Filter>GameObject</Filter>
    </ClCompile>
    <ClCompile Include="ClientSession.cpp">
      <Filter>ForClient\ClientSession</Filter>
    </ClCompile>
    <ClCompile Include="CollisionDetector.cpp">
      <Filter>Physics</Filter>
    </ClCompile>
    <ClCompile Include="ClientPacketEvent.cpp">
      <Filter>PacketEvent</Filter>
    </ClCompile>
    <ClCompile Include="CJobQueue.cpp">
      <Filter>JobQueue</Filter>
    </ClCompile>
    <ClCompile Include="InputManager.cpp">
      <Filter>Mananger</Filter>
    </ClCompile>
    <ClCompile Include="clientIocpCore.cpp">
      <Filter>ForClient\IocpCore</Filter>
    </ClCompile>
  </ItemGroup>
  <ItemGroup>
    <ClInclude Include="GameObject.h">
      <Filter>GameObject</Filter>
    </ClInclude>
    <ClInclude Include="Resource.h">
      <Filter>Resource</Filter>
    </ClInclude>
    <ClInclude Include="Camera.h">
      <Filter>Camera</Filter>
    </ClInclude>
    <ClInclude Include="GameFramework.h">
      <Filter>GameFramework</Filter>
    </ClInclude>
    <ClInclude Include="pch.h">
      <Filter>AvoidTheBoss</Filter>
    </ClInclude>
    <ClInclude Include="Mesh.h">
      <Filter>Mesh</Filter>
    </ClInclude>
    <ClInclude Include="Player.h">
      <Filter>Player</Filter>
    </ClInclude>
    <ClInclude Include="Shader.h">
      <Filter>Shader</Filter>
    </ClInclude>
    <ClInclude Include="targetver.h">
      <Filter>AvoidTheBoss</Filter>
    </ClInclude>
    <ClInclude Include="DDSTextureLoader12.h">
      <Filter>Texture</Filter>
    </ClInclude>
    <ClInclude Include="AvoidTheBoss.h" />
    <ClInclude Include="AvoidTheBoss.h">
      <Filter>AvoidTheBoss</Filter>
    </ClInclude>
    <ClInclude Include="SceneInterface.h">
      <Filter>SceneInterface</Filter>
    </ClInclude>
    <ClInclude Include="Scene.h">
      <Filter>GameScene</Filter>
    </ClInclude>
    <ClInclude Include="CBullet.h">
      <Filter>GameObject</Filter>
    </ClInclude>
    <ClInclude Include="CBoss.h">
      <Filter>Player\BOSS</Filter>
    </ClInclude>
    <ClInclude Include="CGenerator.h">
      <Filter>GameObject</Filter>
    </ClInclude>
    <ClInclude Include="ClientSession.h">
      <Filter>ForClient\ClientSession</Filter>
    </ClInclude>
    <ClInclude Include="clientIocpCore.h">
      <Filter>ForClient\IocpCore</Filter>
    </ClInclude>
    <ClInclude Include="CollisionDetector.h">
      <Filter>Physics</Filter>
    </ClInclude>
    <ClInclude Include="ClientPacketEvent.h">
      <Filter>PacketEvent</Filter>
    </ClInclude>
    <ClInclude Include="CJobQueue.h">
      <Filter>JobQueue</Filter>
    </ClInclude>
    <ClInclude Include="InputManager.h">
      <Filter>Mananger</Filter>
    </ClInclude>
    <ClInclude Include="CEmployee.h">
      <Filter>Player\EMPLOYEE</Filter>
    </ClInclude>
  </ItemGroup>
  <ItemGroup>
    <ClCompile Include="AvoidTheBoss.cpp">
      <Filter>AvoidTheBoss</Filter>
    </ClCompile>
    <ClCompile Include="Camera.cpp">
      <Filter>Camera</Filter>
    </ClCompile>
    <ClCompile Include="Player.cpp">
      <Filter>Player</Filter>
    </ClCompile>
    <ClCompile Include="GameFramework.cpp">
      <Filter>GameFrameWork</Filter>
    </ClCompile>
    <ClCompile Include="Shader.cpp">
      <Filter>Shader</Filter>
    </ClCompile>
    <ClCompile Include="Scene.cpp">
      <Filter>GameScene</Filter>
    </ClCompile>
    <ClCompile Include="Mesh.cpp">
      <Filter>Mesh</Filter>
    </ClCompile>
    <ClCompile Include="GameObject.cpp">
      <Filter>GameObject</Filter>
    </ClCompile>
    <ClCompile Include="pch.cpp">
      <Filter>AvoidTheBoss</Filter>
    </ClCompile>
    <ClCompile Include="clientIocpCore.cpp">
      <Filter>ForClient/IocpCore</Filter>
    </ClCompile>
    <ClCompile Include="SceneInterface.cpp">
      <Filter>SceneInterface</Filter>
    </ClCompile>
  </ItemGroup>
  <ItemGroup>
    <Image Include="small.ico">
      <Filter>Resource</Filter>
    </Image>
    <Image Include="AvoidTheBoss.ico">
      <Filter>Resource</Filter>
    </Image>
    <Image Include="Model\Textures\Boss_Texture.dds">
      <Filter>Textures</Filter>
    </Image>
    <Image Include="Model\Textures\Box_BaseColor.dds">
      <Filter>Textures</Filter>
    </Image>
    <Image Include="Model\Textures\Box_low_DefaultMaterial_BaseColor.dds">
      <Filter>Textures</Filter>
    </Image>
    <Image Include="Model\Textures\Boxs_Metallic.dds">
      <Filter>Textures</Filter>
    </Image>
    <Image Include="Model\Textures\Boxs_Normal.dds">
      <Filter>Textures</Filter>
    </Image>
    <Image Include="Model\Textures\Boxs_Roughness.dds">
      <Filter>Textures</Filter>
    </Image>
    <Image Include="Model\Textures\Conveyor.dds">
      <Filter>Textures</Filter>
    </Image>
    <Image Include="Model\Textures\Conveyor_Angle.dds">
      <Filter>Textures</Filter>
    </Image>
    <Image Include="Model\Textures\Conveyor_Middle.dds">
      <Filter>Textures</Filter>
    </Image>
    <Image Include="Model\Textures\Fire_Extinguisher.dds">
      <Filter>Textures</Filter>
    </Image>
    <Image Include="Model\Textures\Fork_Lift.dds">
      <Filter>Textures</Filter>
    </Image>
    <Image Include="Model\Textures\Generator.dds">
      <Filter>Textures</Filter>
    </Image>
    <Image Include="Model\Textures\Generator_Panel(2).dds">
      <Filter>Textures</Filter>
    </Image>
    <Image Include="Model\Textures\Generator_Panel.dds">
      <Filter>Textures</Filter>
    </Image>
    <Image Include="Model\Textures\Industry_EdgeFrame.dds">
      <Filter>Textures</Filter>
    </Image>
    <Image Include="Model\Textures\Industry_Field_Tile.dds">
      <Filter>Textures</Filter>
    </Image>
    <Image Include="Model\Textures\Industry_Field_Tile_BaseColor.dds">
      <Filter>Textures</Filter>
    </Image>
    <Image Include="Model\Textures\Industry_Field_Tile_Metallic.dds">
      <Filter>Textures</Filter>
    </Image>
    <Image Include="Model\Textures\Industry_Field_Tile_Normal.dds">
      <Filter>Textures</Filter>
    </Image>
    <Image Include="Model\Textures\Industry_Field_Tile_Roughness.dds">
      <Filter>Textures</Filter>
    </Image>
    <Image Include="Model\Textures\Industry_Pillar1.dds">
      <Filter>Textures</Filter>
    </Image>
    <Image Include="Model\Textures\Industry_Pillar1_BaseColor.dds">
      <Filter>Textures</Filter>
    </Image>
    <Image Include="Model\Textures\Industry_Pillar2.dds">
      <Filter>Textures</Filter>
    </Image>
    <Image Include="Model\Textures\Industry_Pillar2_BaseColor.dds">
      <Filter>Textures</Filter>
    </Image>
    <Image Include="Model\Textures\Industry_Pillar2_low_Industry_Pillar2_BaseColor.dds">
      <Filter>Textures</Filter>
    </Image>
    <Image Include="Model\Textures\Industry_Pillar2_low_Industry_Pillar2_Metallic.dds">
      <Filter>Textures</Filter>
    </Image>
    <Image Include="Model\Textures\Industry_Pillar2_low_Industry_Pillar2_Normal.dds">
      <Filter>Textures</Filter>
    </Image>
    <Image Include="Model\Textures\Industry_Pillar2_low_Industry_Pillar2_Roughness.dds">
      <Filter>Textures</Filter>
    </Image>
    <Image Include="Model\Textures\Industry_Roof_BaseColor.dds">
      <Filter>Textures</Filter>
    </Image>
    <Image Include="Model\Textures\Industry_RoofFrame.dds">
      <Filter>Textures</Filter>
    </Image>
    <Image Include="Model\Textures\Industry_Wall_BaseColor.dds">
      <Filter>Textures</Filter>
    </Image>
    <Image Include="Model\Textures\Oil_Drum.dds">
      <Filter>Textures</Filter>
    </Image>
    <Image Include="Model\Textures\Oxygen_Tank.dds">
      <Filter>Textures</Filter>
    </Image>
    <Image Include="Model\Textures\plane.dds">
      <Filter>Textures</Filter>
    </Image>
    <Image Include="Model\Textures\Shelf.dds">
      <Filter>Textures</Filter>
    </Image>
    <Image Include="Model\Textures\Wood_Pallet.dds">
      <Filter>Textures</Filter>
    </Image>
    <Image Include="Model\Textures\Wood_Pallet_Wood_Pallet_Main_BaseColor.dds">
      <Filter>Textures</Filter>
    </Image>
    <Image Include="Model\Textures\Wood_Pallet_Wood_Pallet_Main_Metallic.dds">
      <Filter>Textures</Filter>
    </Image>
    <Image Include="Model\Textures\Wood_Pallet_Wood_Pallet_Main_Normal.dds">
      <Filter>Textures</Filter>
    </Image>
    <Image Include="Model\Textures\Wood_Pallet_Wood_Pallet_Main_Roughness.dds">
      <Filter>Textures</Filter>
    </Image>
  </ItemGroup>
  <ItemGroup>
    <Filter Include="Resource">
      <UniqueIdentifier>{7e52bb48-1f91-4703-abf1-8299dd706789}</UniqueIdentifier>
    </Filter>
    <Filter Include="AvoidTheBoss">
      <UniqueIdentifier>{fee5a02e-4bd3-4a2c-88a2-f6827f98edcf}</UniqueIdentifier>
    </Filter>
    <Filter Include="GameObject">
      <UniqueIdentifier>{05a326a8-f411-4096-844f-12c3de82e26f}</UniqueIdentifier>
    </Filter>
    <Filter Include="GameScene">
      <UniqueIdentifier>{e4ce9da3-bd68-4bfc-9cb8-45f800d6cd51}</UniqueIdentifier>
    </Filter>
    <Filter Include="Camera">
      <UniqueIdentifier>{a881eff2-ecf9-4c10-930d-7777d38b72f0}</UniqueIdentifier>
    </Filter>
    <Filter Include="GameFramework">
      <UniqueIdentifier>{5f512bee-fa01-496f-928a-5ffe548e2624}</UniqueIdentifier>
    </Filter>
    <Filter Include="Mesh">
      <UniqueIdentifier>{02eb4d02-2f0c-498f-9818-1e2fa2d61896}</UniqueIdentifier>
    </Filter>
    <Filter Include="Player">
      <UniqueIdentifier>{c32e0765-a8d8-47c5-a3ee-a2edbf3a9f6e}</UniqueIdentifier>
    </Filter>
    <Filter Include="Shader">
      <UniqueIdentifier>{ce5abe85-1be1-4ab6-90e7-dd9b8e242c3d}</UniqueIdentifier>
    </Filter>
    <Filter Include="Texture">
      <UniqueIdentifier>{ba2c4739-1739-4582-b450-0442272e3d24}</UniqueIdentifier>
    </Filter>
    <Filter Include="SceneInterface">
      <UniqueIdentifier>{694d1a9b-e9a4-4322-89ea-27279e5f83ec}</UniqueIdentifier>
    </Filter>
    <Filter Include="Textures">
      <UniqueIdentifier>{f34dc00f-c3c5-46e0-9b02-019005ed489b}</UniqueIdentifier>
    </Filter>
    <Filter Include="Player\BOSS">
      <UniqueIdentifier>{d57d9bdd-9df7-4d6d-9795-3ef2c8ed98b5}</UniqueIdentifier>
    </Filter>
    <Filter Include="Player\EMPLOYEE">
      <UniqueIdentifier>{c925e172-b1e8-4fa0-8725-2a71f2dee802}</UniqueIdentifier>
    </Filter>
    <Filter Include="ForClient">
      <UniqueIdentifier>{eef5b8c8-2750-4883-b424-1f76a001346d}</UniqueIdentifier>
    </Filter>
    <Filter Include="ForClient\ClientSession">
      <UniqueIdentifier>{b14711bd-5e60-4f7a-aa97-db4ecafd7931}</UniqueIdentifier>
    </Filter>
    <Filter Include="ForClient\IocpCore">
      <UniqueIdentifier>{98cfeba8-062d-4d76-88ef-d41e0396c086}</UniqueIdentifier>
    </Filter>
    <Filter Include="Physics">
      <UniqueIdentifier>{73cebed3-babc-4eca-937c-352c470779db}</UniqueIdentifier>
    </Filter>
    <Filter Include="PacketEvent">
      <UniqueIdentifier>{14fdf138-71b4-4f50-a9e8-eafec120a2c8}</UniqueIdentifier>
    </Filter>
    <Filter Include="JobQueue">
      <UniqueIdentifier>{c1aa5372-2438-4231-acce-d36167578b94}</UniqueIdentifier>
    </Filter>
    <Filter Include="Mananger">
      <UniqueIdentifier>{f06f0dab-99ab-423e-b1d6-855d105af5a6}</UniqueIdentifier>
    </Filter>
  </ItemGroup>
  <ItemGroup>
    <FxCompile Include="Shaders.hlsl">
      <Filter>Resource</Filter>
    </FxCompile>
    <FxCompile Include="Light.hlsl">
      <Filter>Shader</Filter>
    </FxCompile>
  </ItemGroup>
  <ItemGroup>
    <ResourceCompile Include="AvoidTheBoss.rc">
      <Filter>Resource</Filter>
    </ResourceCompile>
  </ItemGroup>
</Project>